
Microsoft Visual Studio Solution File, Format Version 12.00
# Visual Studio 15
VisualStudioVersion = 15.0.28010.2019
MinimumVisualStudioVersion = 10.0.40219.1
Project("{FAE04EC0-301F-11D3-BF4B-00C04F79EFBC}") = "PEuler13", "PEuler13\PEuler13.csproj", "{6E9E0DA4-305B-4F05-8CF9-ED514B946893}"
EndProject
Global
	GlobalSection(SolutionConfigurationPlatforms) = preSolution
		Debug|Any CPU = Debug|Any CPU
		Release|Any CPU = Release|Any CPU
	EndGlobalSection
	GlobalSection(ProjectConfigurationPlatforms) = postSolution
		{6E9E0DA4-305B-4F05-8CF9-ED514B946893}.Debug|Any CPU.ActiveCfg = Debug|Any CPU
		{6E9E0DA4-305B-4F05-8CF9-ED514B946893}.Debug|Any CPU.Build.0 = Debug|Any CPU
		{6E9E0DA4-305B-4F05-8CF9-ED514B946893}.Release|Any CPU.ActiveCfg = Release|Any CPU
		{6E9E0DA4-305B-4F05-8CF9-ED514B946893}.Release|Any CPU.Build.0 = Release|Any CPU
	EndGlobalSection
	GlobalSection(SolutionProperties) = preSolution
		HideSolutionNode = FALSE
	EndGlobalSection
	GlobalSection(ExtensibilityGlobals) = postSolution
		SolutionGuid = {66EDD657-BC0F-4EC8-9123-BB58056866CE}
	EndGlobalSection
EndGlobal
